{
  "name": "demo-heatmap",
  "version": "1.0.0",
  "lockfileVersion": 1,
  "requires": true,
  "dependencies": {
    "@demostf/demo.js": {
      "version": "2.1.1",
      "resolved": "https://registry.npmjs.org/@demostf/demo.js/-/demo.js-2.1.1.tgz",
      "integrity": "sha512-0dDx2++f8ILRsHayPQK2aMzVIbkd5CO6Y8tykvwimrLE4y2CFHm2MgICSuDgSPcEeHc9UMHyRBXwy4XQWKgK2g==",
      "requires": {
        "bit-buffer": "^0.2.3",
        "snappyjs": "^0.6.0",
        "text-encoding-shim": "git+https://gitlab.com/hongaar/text-encoding-shim.git#83ff0f77f48d05b8ce83ddc7ca49d8df61363b31"
      }
    },
    "bit-buffer": {
      "version": "0.2.4",
      "resolved": "https://registry.npmjs.org/bit-buffer/-/bit-buffer-0.2.4.tgz",
      "integrity": "sha512-j4rQZTEpdCkb662lkiemA4mlcv9IraC8yA+BnMT4wzOldUCKPTkbgKXL6nwRqtlqiuh+GZYh/sFAzXPpUd9FPQ=="
    },
    "snappyjs": {
      "version": "0.6.0",
      "resolved": "https://registry.npmjs.org/snappyjs/-/snappyjs-0.6.0.tgz",
      "integrity": "sha512-VTBBV4C9SHLuNEw8qrxw3EnkYmzwe8ml5VA8zS6XChr/yQ/CEDobofC6j4S25QJQR0htRGD68Oh4TZxv/mpf7w=="
    },
    "text-encoding-shim": {
      "version": "git+https://gitlab.com/hongaar/text-encoding-shim.git#83ff0f77f48d05b8ce83ddc7ca49d8df61363b31",
      "from": "git+https://gitlab.com/hongaar/text-encoding-shim.git#83ff0f77f48d05b8ce83ddc7ca49d8df61363b31"
    }
  }
}
